{
  "name": "xbox-smartglass-node-tui",
  "version": "0.1.0",
  "lockfileVersion": 1,
  "requires": true,
  "dependencies": {
    "blessed": {
      "version": "0.1.81",
      "resolved": "https://registry.npmjs.org/blessed/-/blessed-0.1.81.tgz",
      "integrity": "sha1-+WLWh+wsNpVwrnGvhDJW5tDKESk="
    },
    "commander": {
      "version": "2.20.0",
      "resolved": "https://registry.npmjs.org/commander/-/commander-2.20.0.tgz",
      "integrity": "sha512-7j2y+40w61zy6YC2iRNpUe/NwhNyoXrYpHMrSunaMG64nRnaf96zO/KMQR4OyN/UnE5KLyEBnKHd4aG3rskjpQ=="
    },
    "debug": {
      "version": "4.1.1",
      "resolved": "https://registry.npmjs.org/debug/-/debug-4.1.1.tgz",
      "integrity": "sha512-pYAIzeRo8J6KPEaJ0VWOh5Pzkbw/RetuzehGM7QRRX5he4fPHx2rdKMB256ehJCkX+XRQm16eZLqLNS8RSZXZw==",
      "requires": {
        "ms": "^2.1.1"
      }
    },
    "hex-to-binary": {
      "version": "1.0.1",
      "resolved": "https://registry.npmjs.org/hex-to-binary/-/hex-to-binary-1.0.1.tgz",
      "integrity": "sha1-YcevAW/CK86pcE2fLpo46MfbuFQ="
    },
    "jsrsasign": {
      "version": "8.0.12",
      "resolved": "https://registry.npmjs.org/jsrsasign/-/jsrsasign-8.0.12.tgz",
      "integrity": "sha1-Iqu5ZW00owuVMENnIINeicLlwxY="
    },
    "ms": {
      "version": "2.1.1",
      "resolved": "https://registry.npmjs.org/ms/-/ms-2.1.1.tgz",
      "integrity": "sha512-tgp+dl5cGk28utYktBsrFqA7HKgrhgPsg6Z/EfhWI4gl1Hwq8B/GmY/0oXZ6nF8hDVesS/FpnYaD/kOWhYQvyg=="
    },
    "nan": {
      "version": "2.12.0",
      "resolved": "https://registry.npmjs.org/nan/-/nan-2.12.0.tgz",
      "integrity": "sha512-zT5nC0JhbljmyEf+Z456nvm7iO7XgRV2hYxoBtPpnyp+0Q4aCoP6uWNn76v/I6k2kCYNLWqWbwBWQcjsNI/bjw=="
    },
    "uuid": {
      "version": "3.3.2",
      "resolved": "https://registry.npmjs.org/uuid/-/uuid-3.3.2.tgz",
      "integrity": "sha512-yXJmeNaw3DnnKAOKJE51sL/ZaYfWJRl1pK9dr19YFCu0ObS231AB1/LbqTKRAQ5kw8A90rA6fr4riOUpTZvQZA=="
    },
    "uuid-parse": {
      "version": "1.1.0",
      "resolved": "https://registry.npmjs.org/uuid-parse/-/uuid-parse-1.1.0.tgz",
      "integrity": "sha512-OdmXxA8rDsQ7YpNVbKSJkNzTw2I+S5WsbMDnCtIWSQaosNAcWtFuI/YK1TjzUI6nbkgiqEyh8gWngfcv8Asd9A=="
    },
    "x509": {
      "version": "0.3.4",
      "resolved": "https://registry.npmjs.org/x509/-/x509-0.3.4.tgz",
      "integrity": "sha512-in6y2bl0kGHDMG4rD4Zzu5UH/4wAIiTXNwlrVOhBCyDptQmUujDHy0O60y8Nalb/p4Y0nsIbg70amKrCyZC9Ew==",
      "requires": {
        "nan": "2.12.0"
      }
    },
    "xbox-smartglass-core-node": {
      "version": "0.3.1",
      "resolved": "https://registry.npmjs.org/xbox-smartglass-core-node/-/xbox-smartglass-core-node-0.3.1.tgz",
      "integrity": "sha512-zFVlvOd03BlUFrlVLPSlMGyyDfc2rHNtfAZlFFuB8CJBQQXg8geb51EBHuve3DHe6ToJ/ug26EqFYVN0mHzGeg==",
      "requires": {
        "commander": "^2.20.0",
        "debug": "^4.1.1",
        "hex-to-binary": "^1.0.1",
        "jsrsasign": "^8.0.12",
        "uuid": "^3.3.2",
        "uuid-parse": "^1.1.0",
        "x509": "^0.3.4"
      }
    }
  }
}
